
Microsoft Visual Studio Solution File, Format Version 12.00
# Visual Studio 14
VisualStudioVersion = 14.0.25420.1
MinimumVisualStudioVersion = 10.0.40219.1
Project("{FAE04EC0-301F-11D3-BF4B-00C04F79EFBC}") = "z.ERP.Web", "z.ERP.Web\z.ERP.Web.csproj", "{63F2F7AC-997A-44EF-97BF-9D42D41D56A5}"
EndProject
Project("{FAE04EC0-301F-11D3-BF4B-00C04F79EFBC}") = "z.ERP.Entities", "z.ERP.Entities\z.ERP.Entities.csproj", "{4115FE85-9E35-45E1-BFE9-C19F62BAB612}"
EndProject
Project("{FAE04EC0-301F-11D3-BF4B-00C04F79EFBC}") = "z.ERP.Services", "z.ERP.Services\z.ERP.Services.csproj", "{4F92BE72-D196-4EE6-903C-10A1D7B0FADF}"
EndProject
Project("{FAE04EC0-301F-11D3-BF4B-00C04F79EFBC}") = "z", "z\z.csproj", "{68597FEB-8FF8-486E-B603-CE7E8DE57F5B}"
EndProject
Project("{FAE04EC0-301F-11D3-BF4B-00C04F79EFBC}") = "z.ASP", "z.ASP\z.ASP.csproj", "{064F09BC-7BC1-42B0-90ED-EC4754A140E0}"
EndProject
Project("{FAE04EC0-301F-11D3-BF4B-00C04F79EFBC}") = "z.DbHelper", "z.DbHelper\z.DbHelper.csproj", "{DA64E4E3-1857-4B57-A6D9-ABBDB092E7E4}"
EndProject
Project("{FAE04EC0-301F-11D3-BF4B-00C04F79EFBC}") = "z.IOC", "z.IOC\z.IOC.csproj", "{34B3DD30-91D0-4E47-AB99-9EBD4BB51747}"
EndProject
Project("{FAE04EC0-301F-11D3-BF4B-00C04F79EFBC}") = "z.MVC5", "z.MVC5\z.MVC5.csproj", "{A8E30B43-EF68-4D4A-AF11-2ECBFB8B227F}"
EndProject
Project("{FAE04EC0-301F-11D3-BF4B-00C04F79EFBC}") = "z.Verify", "z.Verify\z.Verify.csproj", "{354DF4C7-5D94-4100-86D1-589F5CD5DF20}"
EndProject
Project("{2150E333-8FDC-42A3-9474-1A3956D46DE8}") = "pdm", "pdm", "{5B0D217C-0A01-4C50-BCE4-DE6D63B3E6C3}"
	ProjectSection(SolutionItems) = preProject
		pdm\MallDb.pdb = pdm\MallDb.pdb
		pdm\MallDb.pdm = pdm\MallDb.pdm
	EndProjectSection
EndProject
Project("{FAE04EC0-301F-11D3-BF4B-00C04F79EFBC}") = "z.ERP.Model", "z.ERP.Model\z.ERP.Model.csproj", "{4ED4509F-7960-4F05-9661-62B6ABDEB532}"
EndProject
Project("{FAE04EC0-301F-11D3-BF4B-00C04F79EFBC}") = "z.LogFactory", "z.LogFactory\z.LogFactory.csproj", "{31E4C7DC-E998-4068-AEC8-0AFAC6BBE68D}"
EndProject
Project("{FAE04EC0-301F-11D3-BF4B-00C04F79EFBC}") = "z.SuperLambda", "z.SuperLambda\z.SuperLambda.csproj", "{097CADAD-D8A2-4D5C-99CE-D20F869C9DC7}"
EndProject
Project("{FAE04EC0-301F-11D3-BF4B-00C04F79EFBC}") = "z.ERP.Portal", "z.ERP.Portal\z.ERP.Portal.csproj", "{E7F39B50-67DE-420D-91ED-A865EEAD89B4}"
EndProject
Project("{FAE04EC0-301F-11D3-BF4B-00C04F79EFBC}") = "z.SSO", "z.SSO\z.SSO.csproj", "{DF833680-D044-4C57-96F9-217A1812C0B3}"
EndProject
Project("{FAE04EC0-301F-11D3-BF4B-00C04F79EFBC}") = "z.ERP.WebService", "z.ERP.WebService\z.ERP.WebService.csproj", "{92FBA900-7903-471F-805B-DAD6E157C894}"
EndProject
Project("{FAE04EC0-301F-11D3-BF4B-00C04F79EFBC}") = "WebTest", "WebTest\WebTest.csproj", "{6B0DE957-6BC8-4344-9A1D-4FC23D55C894}"
EndProject
Project("{FAE04EC0-301F-11D3-BF4B-00C04F79EFBC}") = "z.WSTools", "z.WSTools\z.WSTools.csproj", "{185A3072-C6C7-4F58-9EC3-E261E5C734C6}"
EndProject
Project("{FAE04EC0-301F-11D3-BF4B-00C04F79EFBC}") = "z.ERP.WebServiceTests", "z.ERP.WebServiceTests\z.ERP.WebServiceTests.csproj", "{066860DF-2307-4D87-9C86-C60B2EBC077C}"
	ProjectSection(ProjectDependencies) = postProject
		{9922C9E2-B697-41CF-B6DF-B2E9F9D3F37F} = {9922C9E2-B697-41CF-B6DF-B2E9F9D3F37F}
	EndProjectSection
EndProject
Project("{FAE04EC0-301F-11D3-BF4B-00C04F79EFBC}") = "z.ERP.Console", "z.ERP.Console\z.ERP.Console.csproj", "{C0B4FD6D-EAC2-480F-ADB2-798A1106B835}"
EndProject
Project("{FAE04EC0-301F-11D3-BF4B-00C04F79EFBC}") = "z.ERP.API", "z.ERP.API\z.ERP.API.csproj", "{91882EE9-BF22-4B43-85A4-AA9CECB65C48}"
EndProject
Project("{FAE04EC0-301F-11D3-BF4B-00C04F79EFBC}") = "z.WebServiceBase", "z.WebServiceBase\z.WebServiceBase.csproj", "{4A1B17AE-5456-4F4E-9124-7F71CDEA6B7B}"
EndProject
Project("{FAE04EC0-301F-11D3-BF4B-00C04F79EFBC}") = "z.POS.WebService", "z.POS.WebService\z.POS.WebService.csproj", "{9922C9E2-B697-41CF-B6DF-B2E9F9D3F37F}"
EndProject
Project("{FAE04EC0-301F-11D3-BF4B-00C04F79EFBC}") = "z.POS.Services", "z.POS.Services\z.POS.Services.csproj", "{D375452D-2E8C-4A8F-88F4-3F05F9E22B4F}"
EndProject
Project("{FAE04EC0-301F-11D3-BF4B-00C04F79EFBC}") = "z.POS.Entities", "z.POS.Entities\z.POS.Entities.csproj", "{FA2B7441-F9A9-4FF1-A236-AF605A1E3AC8}"
EndProject
Project("{2150E333-8FDC-42A3-9474-1A3956D46DE8}") = "Core", "Core", "{0B3BE40D-2E51-440F-ADD1-DFD8B381621A}"
EndProject
Project("{2150E333-8FDC-42A3-9474-1A3956D46DE8}") = "ERP", "ERP", "{675DD60B-BE01-46C6-A8EF-3C948EE254FF}"
EndProject
Project("{2150E333-8FDC-42A3-9474-1A3956D46DE8}") = "POS", "POS", "{90A48CFE-5439-45A2-A6A8-B5A2334EF678}"
EndProject
Project("{2150E333-8FDC-42A3-9474-1A3956D46DE8}") = "Test", "Test", "{4262F3A0-3A21-4114-A326-BEF1C97593E2}"
EndProject
Project("{2150E333-8FDC-42A3-9474-1A3956D46DE8}") = "DGS", "DGS", "{15AED234-0861-4108-ACDF-9FEE820F9C27}"
EndProject
Project("{FAE04EC0-301F-11D3-BF4B-00C04F79EFBC}") = "z.DGS.Entities", "DGS\z.DGS.Entities\z.DGS.Entities.csproj", "{32F07260-F5BA-443E-9888-5CBA1A4B896F}"
EndProject
Project("{FAE04EC0-301F-11D3-BF4B-00C04F79EFBC}") = "z.DGS.Services", "DGS\z.DGS.Services\z.DGS.Services.csproj", "{8B74B27E-98F3-4408-9351-357D52980B68}"
EndProject
Project("{FAE04EC0-301F-11D3-BF4B-00C04F79EFBC}") = "z.DGS.WebService", "DGS\z.DGS.WebService\z.DGS.WebService.csproj", "{79F46976-D5B2-43A0-A500-60D2BD5D33C3}"
EndProject
Project("{FAE04EC0-301F-11D3-BF4B-00C04F79EFBC}") = "z.POS.API", "z.POS.API\z.POS.API.csproj", "{E2F065B3-2407-418D-AF7B-CACE0D9A9331}"
EndProject
Project("{2150E333-8FDC-42A3-9474-1A3956D46DE8}") = "POS80", "POS80", "{30E2E0B8-6C58-421D-8655-F78A66BDA354}"
EndProject
Project("{FAE04EC0-301F-11D3-BF4B-00C04F79EFBC}") = "z.POS80.API", "z.POS80.API\z.POS80.API.csproj", "{ADD41D4B-4453-433E-9D0D-5AA71D19B88A}"
EndProject
Project("{FAE04EC0-301F-11D3-BF4B-00C04F79EFBC}") = "z.POS80.Entities", "z.POS80.Entities\z.POS80.Entities.csproj", "{0C065F82-FF7E-471E-8DB3-D3F09A1135B7}"
EndProject
Project("{FAE04EC0-301F-11D3-BF4B-00C04F79EFBC}") = "z.POS80.Services", "z.POS80.Services\z.POS80.Services.csproj", "{290C2654-B5DD-4325-813F-2BBA73BC619B}"
EndProject
Project("{FAE04EC0-301F-11D3-BF4B-00C04F79EFBC}") = "z.POS80.WebService", "z.POS80.WebService\z.POS80.WebService.csproj", "{1E02849C-E66F-4716-827E-78B92BDA64DC}"
EndProject
Global
	GlobalSection(SolutionConfigurationPlatforms) = preSolution
		Debug|Any CPU = Debug|Any CPU
		Release|Any CPU = Release|Any CPU
	EndGlobalSection
	GlobalSection(ProjectConfigurationPlatforms) = postSolution
		{63F2F7AC-997A-44EF-97BF-9D42D41D56A5}.Debug|Any CPU.ActiveCfg = Debug|Any CPU
		{63F2F7AC-997A-44EF-97BF-9D42D41D56A5}.Debug|Any CPU.Build.0 = Debug|Any CPU
		{63F2F7AC-997A-44EF-97BF-9D42D41D56A5}.Release|Any CPU.ActiveCfg = Release|Any CPU
		{63F2F7AC-997A-44EF-97BF-9D42D41D56A5}.Release|Any CPU.Build.0 = Release|Any CPU
		{4115FE85-9E35-45E1-BFE9-C19F62BAB612}.Debug|Any CPU.ActiveCfg = Debug|Any CPU
		{4115FE85-9E35-45E1-BFE9-C19F62BAB612}.Debug|Any CPU.Build.0 = Debug|Any CPU
		{4115FE85-9E35-45E1-BFE9-C19F62BAB612}.Release|Any CPU.ActiveCfg = Release|Any CPU
		{4115FE85-9E35-45E1-BFE9-C19F62BAB612}.Release|Any CPU.Build.0 = Release|Any CPU
		{4F92BE72-D196-4EE6-903C-10A1D7B0FADF}.Debug|Any CPU.ActiveCfg = Debug|Any CPU
		{4F92BE72-D196-4EE6-903C-10A1D7B0FADF}.Debug|Any CPU.Build.0 = Debug|Any CPU
		{4F92BE72-D196-4EE6-903C-10A1D7B0FADF}.Release|Any CPU.ActiveCfg = Release|Any CPU
		{4F92BE72-D196-4EE6-903C-10A1D7B0FADF}.Release|Any CPU.Build.0 = Release|Any CPU
		{68597FEB-8FF8-486E-B603-CE7E8DE57F5B}.Debug|Any CPU.ActiveCfg = Debug|Any CPU
		{68597FEB-8FF8-486E-B603-CE7E8DE57F5B}.Debug|Any CPU.Build.0 = Debug|Any CPU
		{68597FEB-8FF8-486E-B603-CE7E8DE57F5B}.Release|Any CPU.ActiveCfg = Release|Any CPU
		{68597FEB-8FF8-486E-B603-CE7E8DE57F5B}.Release|Any CPU.Build.0 = Release|Any CPU
		{064F09BC-7BC1-42B0-90ED-EC4754A140E0}.Debug|Any CPU.ActiveCfg = Debug|Any CPU
		{064F09BC-7BC1-42B0-90ED-EC4754A140E0}.Debug|Any CPU.Build.0 = Debug|Any CPU
		{064F09BC-7BC1-42B0-90ED-EC4754A140E0}.Release|Any CPU.ActiveCfg = Release|Any CPU
		{064F09BC-7BC1-42B0-90ED-EC4754A140E0}.Release|Any CPU.Build.0 = Release|Any CPU
		{DA64E4E3-1857-4B57-A6D9-ABBDB092E7E4}.Debug|Any CPU.ActiveCfg = Debug|Any CPU
		{DA64E4E3-1857-4B57-A6D9-ABBDB092E7E4}.Debug|Any CPU.Build.0 = Debug|Any CPU
		{DA64E4E3-1857-4B57-A6D9-ABBDB092E7E4}.Release|Any CPU.ActiveCfg = Release|Any CPU
		{DA64E4E3-1857-4B57-A6D9-ABBDB092E7E4}.Release|Any CPU.Build.0 = Release|Any CPU
		{34B3DD30-91D0-4E47-AB99-9EBD4BB51747}.Debug|Any CPU.ActiveCfg = Debug|Any CPU
		{34B3DD30-91D0-4E47-AB99-9EBD4BB51747}.Debug|Any CPU.Build.0 = Debug|Any CPU
		{34B3DD30-91D0-4E47-AB99-9EBD4BB51747}.Release|Any CPU.ActiveCfg = Release|Any CPU
		{34B3DD30-91D0-4E47-AB99-9EBD4BB51747}.Release|Any CPU.Build.0 = Release|Any CPU
		{A8E30B43-EF68-4D4A-AF11-2ECBFB8B227F}.Debug|Any CPU.ActiveCfg = Debug|Any CPU
		{A8E30B43-EF68-4D4A-AF11-2ECBFB8B227F}.Debug|Any CPU.Build.0 = Debug|Any CPU
		{A8E30B43-EF68-4D4A-AF11-2ECBFB8B227F}.Release|Any CPU.ActiveCfg = Release|Any CPU
		{A8E30B43-EF68-4D4A-AF11-2ECBFB8B227F}.Release|Any CPU.Build.0 = Release|Any CPU
		{354DF4C7-5D94-4100-86D1-589F5CD5DF20}.Debug|Any CPU.ActiveCfg = Debug|Any CPU
		{354DF4C7-5D94-4100-86D1-589F5CD5DF20}.Debug|Any CPU.Build.0 = Debug|Any CPU
		{354DF4C7-5D94-4100-86D1-589F5CD5DF20}.Release|Any CPU.ActiveCfg = Release|Any CPU
		{354DF4C7-5D94-4100-86D1-589F5CD5DF20}.Release|Any CPU.Build.0 = Release|Any CPU
		{4ED4509F-7960-4F05-9661-62B6ABDEB532}.Debug|Any CPU.ActiveCfg = Debug|Any CPU
		{4ED4509F-7960-4F05-9661-62B6ABDEB532}.Debug|Any CPU.Build.0 = Debug|Any CPU
		{4ED4509F-7960-4F05-9661-62B6ABDEB532}.Release|Any CPU.ActiveCfg = Release|Any CPU
		{4ED4509F-7960-4F05-9661-62B6ABDEB532}.Release|Any CPU.Build.0 = Release|Any CPU
		{31E4C7DC-E998-4068-AEC8-0AFAC6BBE68D}.Debug|Any CPU.ActiveCfg = Debug|Any CPU
		{31E4C7DC-E998-4068-AEC8-0AFAC6BBE68D}.Debug|Any CPU.Build.0 = Debug|Any CPU
		{31E4C7DC-E998-4068-AEC8-0AFAC6BBE68D}.Release|Any CPU.ActiveCfg = Release|Any CPU
		{31E4C7DC-E998-4068-AEC8-0AFAC6BBE68D}.Release|Any CPU.Build.0 = Release|Any CPU
		{097CADAD-D8A2-4D5C-99CE-D20F869C9DC7}.Debug|Any CPU.ActiveCfg = Debug|Any CPU
		{097CADAD-D8A2-4D5C-99CE-D20F869C9DC7}.Debug|Any CPU.Build.0 = Debug|Any CPU
		{097CADAD-D8A2-4D5C-99CE-D20F869C9DC7}.Release|Any CPU.ActiveCfg = Release|Any CPU
		{097CADAD-D8A2-4D5C-99CE-D20F869C9DC7}.Release|Any CPU.Build.0 = Release|Any CPU
		{E7F39B50-67DE-420D-91ED-A865EEAD89B4}.Debug|Any CPU.ActiveCfg = Debug|Any CPU
		{E7F39B50-67DE-420D-91ED-A865EEAD89B4}.Debug|Any CPU.Build.0 = Debug|Any CPU
		{E7F39B50-67DE-420D-91ED-A865EEAD89B4}.Release|Any CPU.ActiveCfg = Release|Any CPU
		{E7F39B50-67DE-420D-91ED-A865EEAD89B4}.Release|Any CPU.Build.0 = Release|Any CPU
		{DF833680-D044-4C57-96F9-217A1812C0B3}.Debug|Any CPU.ActiveCfg = Debug|Any CPU
		{DF833680-D044-4C57-96F9-217A1812C0B3}.Debug|Any CPU.Build.0 = Debug|Any CPU
		{DF833680-D044-4C57-96F9-217A1812C0B3}.Release|Any CPU.ActiveCfg = Release|Any CPU
		{DF833680-D044-4C57-96F9-217A1812C0B3}.Release|Any CPU.Build.0 = Release|Any CPU
		{92FBA900-7903-471F-805B-DAD6E157C894}.Debug|Any CPU.ActiveCfg = Debug|Any CPU
		{92FBA900-7903-471F-805B-DAD6E157C894}.Debug|Any CPU.Build.0 = Debug|Any CPU
		{92FBA900-7903-471F-805B-DAD6E157C894}.Release|Any CPU.ActiveCfg = Release|Any CPU
		{92FBA900-7903-471F-805B-DAD6E157C894}.Release|Any CPU.Build.0 = Release|Any CPU
		{6B0DE957-6BC8-4344-9A1D-4FC23D55C894}.Debug|Any CPU.ActiveCfg = Debug|Any CPU
		{6B0DE957-6BC8-4344-9A1D-4FC23D55C894}.Debug|Any CPU.Build.0 = Debug|Any CPU
		{6B0DE957-6BC8-4344-9A1D-4FC23D55C894}.Release|Any CPU.ActiveCfg = Release|Any CPU
		{6B0DE957-6BC8-4344-9A1D-4FC23D55C894}.Release|Any CPU.Build.0 = Release|Any CPU
		{185A3072-C6C7-4F58-9EC3-E261E5C734C6}.Debug|Any CPU.ActiveCfg = Debug|Any CPU
		{185A3072-C6C7-4F58-9EC3-E261E5C734C6}.Debug|Any CPU.Build.0 = Debug|Any CPU
		{185A3072-C6C7-4F58-9EC3-E261E5C734C6}.Release|Any CPU.ActiveCfg = Release|Any CPU
		{185A3072-C6C7-4F58-9EC3-E261E5C734C6}.Release|Any CPU.Build.0 = Release|Any CPU
		{066860DF-2307-4D87-9C86-C60B2EBC077C}.Debug|Any CPU.ActiveCfg = Debug|Any CPU
		{066860DF-2307-4D87-9C86-C60B2EBC077C}.Debug|Any CPU.Build.0 = Debug|Any CPU
		{066860DF-2307-4D87-9C86-C60B2EBC077C}.Release|Any CPU.ActiveCfg = Release|Any CPU
		{066860DF-2307-4D87-9C86-C60B2EBC077C}.Release|Any CPU.Build.0 = Release|Any CPU
		{C0B4FD6D-EAC2-480F-ADB2-798A1106B835}.Debug|Any CPU.ActiveCfg = Debug|Any CPU
		{C0B4FD6D-EAC2-480F-ADB2-798A1106B835}.Debug|Any CPU.Build.0 = Debug|Any CPU
		{C0B4FD6D-EAC2-480F-ADB2-798A1106B835}.Release|Any CPU.ActiveCfg = Release|Any CPU
		{C0B4FD6D-EAC2-480F-ADB2-798A1106B835}.Release|Any CPU.Build.0 = Release|Any CPU
		{91882EE9-BF22-4B43-85A4-AA9CECB65C48}.Debug|Any CPU.ActiveCfg = Debug|Any CPU
		{91882EE9-BF22-4B43-85A4-AA9CECB65C48}.Debug|Any CPU.Build.0 = Debug|Any CPU
		{91882EE9-BF22-4B43-85A4-AA9CECB65C48}.Release|Any CPU.ActiveCfg = Release|Any CPU
		{91882EE9-BF22-4B43-85A4-AA9CECB65C48}.Release|Any CPU.Build.0 = Release|Any CPU
		{4A1B17AE-5456-4F4E-9124-7F71CDEA6B7B}.Debug|Any CPU.ActiveCfg = Debug|Any CPU
		{4A1B17AE-5456-4F4E-9124-7F71CDEA6B7B}.Debug|Any CPU.Build.0 = Debug|Any CPU
		{4A1B17AE-5456-4F4E-9124-7F71CDEA6B7B}.Release|Any CPU.ActiveCfg = Release|Any CPU
		{4A1B17AE-5456-4F4E-9124-7F71CDEA6B7B}.Release|Any CPU.Build.0 = Release|Any CPU
		{9922C9E2-B697-41CF-B6DF-B2E9F9D3F37F}.Debug|Any CPU.ActiveCfg = Debug|Any CPU
		{9922C9E2-B697-41CF-B6DF-B2E9F9D3F37F}.Debug|Any CPU.Build.0 = Debug|Any CPU
		{9922C9E2-B697-41CF-B6DF-B2E9F9D3F37F}.Release|Any CPU.ActiveCfg = Release|Any CPU
		{9922C9E2-B697-41CF-B6DF-B2E9F9D3F37F}.Release|Any CPU.Build.0 = Release|Any CPU
		{D375452D-2E8C-4A8F-88F4-3F05F9E22B4F}.Debug|Any CPU.ActiveCfg = Debug|Any CPU
		{D375452D-2E8C-4A8F-88F4-3F05F9E22B4F}.Debug|Any CPU.Build.0 = Debug|Any CPU
		{D375452D-2E8C-4A8F-88F4-3F05F9E22B4F}.Release|Any CPU.ActiveCfg = Release|Any CPU
		{D375452D-2E8C-4A8F-88F4-3F05F9E22B4F}.Release|Any CPU.Build.0 = Release|Any CPU
		{FA2B7441-F9A9-4FF1-A236-AF605A1E3AC8}.Debug|Any CPU.ActiveCfg = Debug|Any CPU
		{FA2B7441-F9A9-4FF1-A236-AF605A1E3AC8}.Debug|Any CPU.Build.0 = Debug|Any CPU
		{FA2B7441-F9A9-4FF1-A236-AF605A1E3AC8}.Release|Any CPU.ActiveCfg = Release|Any CPU
		{FA2B7441-F9A9-4FF1-A236-AF605A1E3AC8}.Release|Any CPU.Build.0 = Release|Any CPU
		{32F07260-F5BA-443E-9888-5CBA1A4B896F}.Debug|Any CPU.ActiveCfg = Debug|Any CPU
		{32F07260-F5BA-443E-9888-5CBA1A4B896F}.Debug|Any CPU.Build.0 = Debug|Any CPU
		{32F07260-F5BA-443E-9888-5CBA1A4B896F}.Release|Any CPU.ActiveCfg = Release|Any CPU
		{32F07260-F5BA-443E-9888-5CBA1A4B896F}.Release|Any CPU.Build.0 = Release|Any CPU
		{8B74B27E-98F3-4408-9351-357D52980B68}.Debug|Any CPU.ActiveCfg = Debug|Any CPU
		{8B74B27E-98F3-4408-9351-357D52980B68}.Debug|Any CPU.Build.0 = Debug|Any CPU
		{8B74B27E-98F3-4408-9351-357D52980B68}.Release|Any CPU.ActiveCfg = Release|Any CPU
		{8B74B27E-98F3-4408-9351-357D52980B68}.Release|Any CPU.Build.0 = Release|Any CPU
		{79F46976-D5B2-43A0-A500-60D2BD5D33C3}.Debug|Any CPU.ActiveCfg = Debug|Any CPU
		{79F46976-D5B2-43A0-A500-60D2BD5D33C3}.Debug|Any CPU.Build.0 = Debug|Any CPU
		{79F46976-D5B2-43A0-A500-60D2BD5D33C3}.Release|Any CPU.ActiveCfg = Release|Any CPU
		{79F46976-D5B2-43A0-A500-60D2BD5D33C3}.Release|Any CPU.Build.0 = Release|Any CPU
		{E2F065B3-2407-418D-AF7B-CACE0D9A9331}.Debug|Any CPU.ActiveCfg = Debug|Any CPU
		{E2F065B3-2407-418D-AF7B-CACE0D9A9331}.Debug|Any CPU.Build.0 = Debug|Any CPU
		{E2F065B3-2407-418D-AF7B-CACE0D9A9331}.Release|Any CPU.ActiveCfg = Release|Any CPU
		{E2F065B3-2407-418D-AF7B-CACE0D9A9331}.Release|Any CPU.Build.0 = Release|Any CPU
		{ADD41D4B-4453-433E-9D0D-5AA71D19B88A}.Debug|Any CPU.ActiveCfg = Debug|Any CPU
		{ADD41D4B-4453-433E-9D0D-5AA71D19B88A}.Debug|Any CPU.Build.0 = Debug|Any CPU
		{ADD41D4B-4453-433E-9D0D-5AA71D19B88A}.Release|Any CPU.ActiveCfg = Release|Any CPU
		{ADD41D4B-4453-433E-9D0D-5AA71D19B88A}.Release|Any CPU.Build.0 = Release|Any CPU
		{0C065F82-FF7E-471E-8DB3-D3F09A1135B7}.Debug|Any CPU.ActiveCfg = Debug|Any CPU
		{0C065F82-FF7E-471E-8DB3-D3F09A1135B7}.Debug|Any CPU.Build.0 = Debug|Any CPU
		{0C065F82-FF7E-471E-8DB3-D3F09A1135B7}.Release|Any CPU.ActiveCfg = Release|Any CPU
		{0C065F82-FF7E-471E-8DB3-D3F09A1135B7}.Release|Any CPU.Build.0 = Release|Any CPU
		{290C2654-B5DD-4325-813F-2BBA73BC619B}.Debug|Any CPU.ActiveCfg = Debug|Any CPU
		{290C2654-B5DD-4325-813F-2BBA73BC619B}.Debug|Any CPU.Build.0 = Debug|Any CPU
		{290C2654-B5DD-4325-813F-2BBA73BC619B}.Release|Any CPU.ActiveCfg = Release|Any CPU
		{290C2654-B5DD-4325-813F-2BBA73BC619B}.Release|Any CPU.Build.0 = Release|Any CPU
		{1E02849C-E66F-4716-827E-78B92BDA64DC}.Debug|Any CPU.ActiveCfg = Debug|Any CPU
		{1E02849C-E66F-4716-827E-78B92BDA64DC}.Debug|Any CPU.Build.0 = Debug|Any CPU
		{1E02849C-E66F-4716-827E-78B92BDA64DC}.Release|Any CPU.ActiveCfg = Release|Any CPU
		{1E02849C-E66F-4716-827E-78B92BDA64DC}.Release|Any CPU.Build.0 = Release|Any CPU
	EndGlobalSection
	GlobalSection(SolutionProperties) = preSolution
		HideSolutionNode = FALSE
	EndGlobalSection
	GlobalSection(NestedProjects) = preSolution
		{63F2F7AC-997A-44EF-97BF-9D42D41D56A5} = {675DD60B-BE01-46C6-A8EF-3C948EE254FF}
		{4115FE85-9E35-45E1-BFE9-C19F62BAB612} = {675DD60B-BE01-46C6-A8EF-3C948EE254FF}
		{4F92BE72-D196-4EE6-903C-10A1D7B0FADF} = {675DD60B-BE01-46C6-A8EF-3C948EE254FF}
		{68597FEB-8FF8-486E-B603-CE7E8DE57F5B} = {0B3BE40D-2E51-440F-ADD1-DFD8B381621A}
		{064F09BC-7BC1-42B0-90ED-EC4754A140E0} = {0B3BE40D-2E51-440F-ADD1-DFD8B381621A}
		{DA64E4E3-1857-4B57-A6D9-ABBDB092E7E4} = {0B3BE40D-2E51-440F-ADD1-DFD8B381621A}
		{34B3DD30-91D0-4E47-AB99-9EBD4BB51747} = {0B3BE40D-2E51-440F-ADD1-DFD8B381621A}
		{A8E30B43-EF68-4D4A-AF11-2ECBFB8B227F} = {0B3BE40D-2E51-440F-ADD1-DFD8B381621A}
		{354DF4C7-5D94-4100-86D1-589F5CD5DF20} = {0B3BE40D-2E51-440F-ADD1-DFD8B381621A}
		{4ED4509F-7960-4F05-9661-62B6ABDEB532} = {675DD60B-BE01-46C6-A8EF-3C948EE254FF}
		{31E4C7DC-E998-4068-AEC8-0AFAC6BBE68D} = {0B3BE40D-2E51-440F-ADD1-DFD8B381621A}
		{097CADAD-D8A2-4D5C-99CE-D20F869C9DC7} = {0B3BE40D-2E51-440F-ADD1-DFD8B381621A}
		{E7F39B50-67DE-420D-91ED-A865EEAD89B4} = {675DD60B-BE01-46C6-A8EF-3C948EE254FF}
		{DF833680-D044-4C57-96F9-217A1812C0B3} = {0B3BE40D-2E51-440F-ADD1-DFD8B381621A}
		{92FBA900-7903-471F-805B-DAD6E157C894} = {675DD60B-BE01-46C6-A8EF-3C948EE254FF}
		{6B0DE957-6BC8-4344-9A1D-4FC23D55C894} = {4262F3A0-3A21-4114-A326-BEF1C97593E2}
		{185A3072-C6C7-4F58-9EC3-E261E5C734C6} = {0B3BE40D-2E51-440F-ADD1-DFD8B381621A}
		{066860DF-2307-4D87-9C86-C60B2EBC077C} = {675DD60B-BE01-46C6-A8EF-3C948EE254FF}
		{C0B4FD6D-EAC2-480F-ADB2-798A1106B835} = {675DD60B-BE01-46C6-A8EF-3C948EE254FF}
		{91882EE9-BF22-4B43-85A4-AA9CECB65C48} = {675DD60B-BE01-46C6-A8EF-3C948EE254FF}
		{4A1B17AE-5456-4F4E-9124-7F71CDEA6B7B} = {0B3BE40D-2E51-440F-ADD1-DFD8B381621A}
		{9922C9E2-B697-41CF-B6DF-B2E9F9D3F37F} = {90A48CFE-5439-45A2-A6A8-B5A2334EF678}
		{D375452D-2E8C-4A8F-88F4-3F05F9E22B4F} = {90A48CFE-5439-45A2-A6A8-B5A2334EF678}
		{FA2B7441-F9A9-4FF1-A236-AF605A1E3AC8} = {90A48CFE-5439-45A2-A6A8-B5A2334EF678}
		{32F07260-F5BA-443E-9888-5CBA1A4B896F} = {15AED234-0861-4108-ACDF-9FEE820F9C27}
		{8B74B27E-98F3-4408-9351-357D52980B68} = {15AED234-0861-4108-ACDF-9FEE820F9C27}
		{79F46976-D5B2-43A0-A500-60D2BD5D33C3} = {15AED234-0861-4108-ACDF-9FEE820F9C27}
		{E2F065B3-2407-418D-AF7B-CACE0D9A9331} = {90A48CFE-5439-45A2-A6A8-B5A2334EF678}
		{ADD41D4B-4453-433E-9D0D-5AA71D19B88A} = {30E2E0B8-6C58-421D-8655-F78A66BDA354}
		{0C065F82-FF7E-471E-8DB3-D3F09A1135B7} = {30E2E0B8-6C58-421D-8655-F78A66BDA354}
		{290C2654-B5DD-4325-813F-2BBA73BC619B} = {30E2E0B8-6C58-421D-8655-F78A66BDA354}
		{1E02849C-E66F-4716-827E-78B92BDA64DC} = {30E2E0B8-6C58-421D-8655-F78A66BDA354}
	EndGlobalSection
EndGlobal
